
Microsoft Visual Studio Solution File, Format Version 12.00
# Visual Studio Version 17
VisualStudioVersion = 17.13.35931.197
MinimumVisualStudioVersion = 10.0.40219.1
Project("{FAE04EC0-301F-11D3-BF4B-00C04F79EFBC}") = "JwtDemo", "JwtDemo\JwtDemo.csproj", "{B8E78DFB-1D08-480B-ACD3-4AE1C8BAA94E}"
EndProject
Project("{FAE04EC0-301F-11D3-BF4B-00C04F79EFBC}") = "Jwt2", "Jwt2\Jwt2.csproj", "{C4199C48-29AF-40E4-B93C-EC276BB90ED0}"
EndProject
Project("{FAE04EC0-301F-11D3-BF4B-00C04F79EFBC}") = "Jwt3", "Jwt3\Jwt3.csproj", "{98324957-88BB-4F75-A41F-D431B5635352}"
EndProject
Global
	GlobalSection(SolutionConfigurationPlatforms) = preSolution
		Debug|Any CPU = Debug|Any CPU
		Release|Any CPU = Release|Any CPU
	EndGlobalSection
	GlobalSection(ProjectConfigurationPlatforms) = postSolution
		{B8E78DFB-1D08-480B-ACD3-4AE1C8BAA94E}.Debug|Any CPU.ActiveCfg = Debug|Any CPU
		{B8E78DFB-1D08-480B-ACD3-4AE1C8BAA94E}.Debug|Any CPU.Build.0 = Debug|Any CPU
		{B8E78DFB-1D08-480B-ACD3-4AE1C8BAA94E}.Release|Any CPU.ActiveCfg = Release|Any CPU
		{B8E78DFB-1D08-480B-ACD3-4AE1C8BAA94E}.Release|Any CPU.Build.0 = Release|Any CPU
		{C4199C48-29AF-40E4-B93C-EC276BB90ED0}.Debug|Any CPU.ActiveCfg = Debug|Any CPU
		{C4199C48-29AF-40E4-B93C-EC276BB90ED0}.Debug|Any CPU.Build.0 = Debug|Any CPU
		{C4199C48-29AF-40E4-B93C-EC276BB90ED0}.Release|Any CPU.ActiveCfg = Release|Any CPU
		{C4199C48-29AF-40E4-B93C-EC276BB90ED0}.Release|Any CPU.Build.0 = Release|Any CPU
		{98324957-88BB-4F75-A41F-D431B5635352}.Debug|Any CPU.ActiveCfg = Debug|Any CPU
		{98324957-88BB-4F75-A41F-D431B5635352}.Debug|Any CPU.Build.0 = Debug|Any CPU
		{98324957-88BB-4F75-A41F-D431B5635352}.Release|Any CPU.ActiveCfg = Release|Any CPU
		{98324957-88BB-4F75-A41F-D431B5635352}.Release|Any CPU.Build.0 = Release|Any CPU
	EndGlobalSection
	GlobalSection(SolutionProperties) = preSolution
		HideSolutionNode = FALSE
	EndGlobalSection
	GlobalSection(ExtensibilityGlobals) = postSolution
		SolutionGuid = {DFD90841-3DFF-4E00-8974-4EB2A6B58593}
	EndGlobalSection
EndGlobal
